
Microsoft Visual Studio Solution File, Format Version 12.00
# Visual Studio Version 17
VisualStudioVersion = 17.4.33213.308
MinimumVisualStudioVersion = 10.0.40219.1
Project("{FAE04EC0-301F-11D3-BF4B-00C04F79EFBC}") = "Customer Order", "Customer Order.csproj", "{DE265FFB-A948-4956-A3F4-EDB79CFFF9D3}"
EndProject
Global
	GlobalSection(SolutionConfigurationPlatforms) = preSolution
		Debug|Any CPU = Debug|Any CPU
		Release|Any CPU = Release|Any CPU
	EndGlobalSection
	GlobalSection(ProjectConfigurationPlatforms) = postSolution
		{DE265FFB-A948-4956-A3F4-EDB79CFFF9D3}.Debug|Any CPU.ActiveCfg = Debug|Any CPU
		{DE265FFB-A948-4956-A3F4-EDB79CFFF9D3}.Debug|Any CPU.Build.0 = Debug|Any CPU
		{DE265FFB-A948-4956-A3F4-EDB79CFFF9D3}.Release|Any CPU.ActiveCfg = Release|Any CPU
		{DE265FFB-A948-4956-A3F4-EDB79CFFF9D3}.Release|Any CPU.Build.0 = Release|Any CPU
	EndGlobalSection
	GlobalSection(SolutionProperties) = preSolution
		HideSolutionNode = FALSE
	EndGlobalSection
	GlobalSection(ExtensibilityGlobals) = postSolution
		SolutionGuid = {C89B3A02-F738-4331-A85C-9EF9727B22D0}
	EndGlobalSection
EndGlobal
